// !$*UTF8*$!
{
	archiveVersion = 1;
	classes = {
	};
	objectVersion = 77;
	objects = {

/* Begin PBXContainerItemProxy section */
		3DA1ADC02D125065000EF779 /* PBXContainerItemProxy */ = {
			isa = PBXContainerItemProxy;
			containerPortal = 3DA1ADA72D125064000EF779 /* Project object */;
			proxyType = 1;
			remoteGlobalIDString = 3DA1ADAE2D125064000EF779;
			remoteInfo = NJoyRadio;
		};
		3DA1ADCA2D125065000EF779 /* PBXContainerItemProxy */ = {
			isa = PBXContainerItemProxy;
			containerPortal = 3DA1ADA72D125064000EF779 /* Project object */;
			proxyType = 1;
			remoteGlobalIDString = 3DA1ADAE2D125064000EF779;
			remoteInfo = NJoyRadio;
		};
/* End PBXContainerItemProxy section */

/* Begin PBXFileReference section */
		3DA1ADAF2D125064000EF779 /* NJoyRadio.app */ = {isa = PBXFileReference; explicitFileType = wrapper.application; includeInIndex = 0; path = NJoyRadio.app; sourceTree = BUILT_PRODUCTS_DIR; };
		3DA1ADBF2D125065000EF779 /* NJoyRadioTests.xctest */ = {isa = PBXFileReference; explicitFileType = wrapper.cfbundle; includeInIndex = 0; path = NJoyRadioTests.xctest; sourceTree = BUILT_PRODUCTS_DIR; };
		3DA1ADC92D125065000EF779 /* NJoyRadioUITests.xctest */ = {isa = PBXFileReference; explicitFileType = wrapper.cfbundle; includeInIndex = 0; path = NJoyRadioUITests.xctest; sourceTree = BUILT_PRODUCTS_DIR; };
/* End PBXFileReference section */

/* Begin PBXFileSystemSynchronizedRootGroup section */
		3DA1ADB12D125064000EF779 /* NJoyRadio */ = {
			isa = PBXFileSystemSynchronizedRootGroup;
			path = NJoyRadio;
			sourceTree = "<group>";
		};
		3DA1ADC22D125065000EF779 /* NJoyRadioTests */ = {
			isa = PBXFileSystemSynchronizedRootGroup;
			path = NJoyRadioTests;
			sourceTree = "<group>";
		};
		3DA1ADCC2D125065000EF779 /* NJoyRadioUITests */ = {
			isa = PBXFileSystemSynchronizedRootGroup;
			path = NJoyRadioUITests;
			sourceTree = "<group>";
		};
/* End PBXFileSystemSynchronizedRootGroup section */

/* Begin PBXFrameworksBuildPhase section */
		3DA1ADAC2D125064000EF779 /* Frameworks */ = {
			isa = PBXFrameworksBuildPhase;
			buildActionMask = 2147483647;
			files = (
			);
			runOnlyForDeploymentPostprocessing = 0;
		};
		3DA1ADBC2D125065000EF779 /* Frameworks */ = {
			isa = PBXFrameworksBuildPhase;
			buildActionMask = 2147483647;
			files = (
			);
			runOnlyForDeploymentPostprocessing = 0;
		};
		3DA1ADC62D125065000EF779 /* Frameworks */ = {
			isa = PBXFrameworksBuildPhase;
			buildActionMask = 2147483647;
			files = (
			);
			runOnlyForDeploymentPostprocessing = 0;
		};
/* End PBXFrameworksBuildPhase section */

/* Begin PBXGroup section */
		3DA1ADA62D125064000EF779 = {
			isa = PBXGroup;
			children = (
				3DA1ADB12D125064000EF779 /* NJoyRadio */,
				3DA1ADC22D125065000EF779 /* NJoyRadioTests */,
				3DA1ADCC2D125065000EF779 /* NJoyRadioUITests */,
				3DA1ADB02D125064000EF779 /* Products */,
			);
			sourceTree = "<group>";
		};
		3DA1ADB02D125064000EF779 /* Products */ = {
			isa = PBXGroup;
			children = (
				3DA1ADAF2D125064000EF779 /* NJoyRadio.app */,
				3DA1ADBF2D125065000EF779 /* NJoyRadioTests.xctest */,
				3DA1ADC92D125065000EF779 /* NJoyRadioUITests.xctest */,
			);
			name = Products;
			sourceTree = "<group>";
		};
/* End PBXGroup section */

/* Begin PBXNativeTarget section */
		3DA1ADAE2D125064000EF779 /* NJoyRadio */ = {
			isa = PBXNativeTarget;
			buildConfigurationList = 3DA1ADD32D125065000EF779 /* Build configuration list for PBXNativeTarget "NJoyRadio" */;
			buildPhases = (
				3DA1ADAB2D125064000EF779 /* Sources */,
				3DA1ADAC2D125064000EF779 /* Frameworks */,
				3DA1ADAD2D125064000EF779 /* Resources */,
			);
			buildRules = (
			);
			dependencies = (
			);
			fileSystemSynchronizedGroups = (
				3DA1ADB12D125064000EF779 /* NJoyRadio */,
			);
			name = NJoyRadio;
			packageProductDependencies = (
			);
			productName = NJoyRadio;
			productReference = 3DA1ADAF2D125064000EF779 /* NJoyRadio.app */;
			productType = "com.apple.product-type.application";
		};
		3DA1ADBE2D125065000EF779 /* NJoyRadioTests */ = {
			isa = PBXNativeTarget;
			buildConfigurationList = 3DA1ADD62D125065000EF779 /* Build configuration list for PBXNativeTarget "NJoyRadioTests" */;
			buildPhases = (
				3DA1ADBB2D125065000EF779 /* Sources */,
				3DA1ADBC2D125065000EF779 /* Frameworks */,
				3DA1ADBD2D125065000EF779 /* Resources */,
			);
			buildRules = (
			);
			dependencies = (
				3DA1ADC12D125065000EF779 /* PBXTargetDependency */,
			);
			fileSystemSynchronizedGroups = (
				3DA1ADC22D125065000EF779 /* NJoyRadioTests */,
			);
			name = NJoyRadioTests;
			packageProductDependencies = (
			);
			productName = NJoyRadioTests;
			productReference = 3DA1ADBF2D125065000EF779 /* NJoyRadioTests.xctest */;
			productType = "com.apple.product-type.bundle.unit-test";
		};
		3DA1ADC82D125065000EF779 /* NJoyRadioUITests */ = {
			isa = PBXNativeTarget;
			buildConfigurationList = 3DA1ADD92D125065000EF779 /* Build configuration list for PBXNativeTarget "NJoyRadioUITests" */;
			buildPhases = (
				3DA1ADC52D125065000EF779 /* Sources */,
				3DA1ADC62D125065000EF779 /* Frameworks */,
				3DA1ADC72D125065000EF779 /* Resources */,
			);
			buildRules = (
			);
			dependencies = (
				3DA1ADCB2D125065000EF779 /* PBXTargetDependency */,
			);
			fileSystemSynchronizedGroups = (
				3DA1ADCC2D125065000EF779 /* NJoyRadioUITests */,
			);
			name = NJoyRadioUITests;
			packageProductDependencies = (
			);
			productName = NJoyRadioUITests;
			productReference = 3DA1ADC92D125065000EF779 /* NJoyRadioUITests.xctest */;
			productType = "com.apple.product-type.bundle.ui-testing";
		};
/* End PBXNativeTarget section */

/* Begin PBXProject section */
		3DA1ADA72D125064000EF779 /* Project object */ = {
			isa = PBXProject;
			attributes = {
				BuildIndependentTargetsInParallel = 1;
				LastSwiftUpdateCheck = 1620;
				LastUpgradeCheck = 1620;
				TargetAttributes = {
					3DA1ADAE2D125064000EF779 = {
						CreatedOnToolsVersion = 16.2;
					};
					3DA1ADBE2D125065000EF779 = {
						CreatedOnToolsVersion = 16.2;
						TestTargetID = 3DA1ADAE2D125064000EF779;
					};
					3DA1ADC82D125065000EF779 = {
						CreatedOnToolsVersion = 16.2;
						TestTargetID = 3DA1ADAE2D125064000EF779;
					};
				};
			};
			buildConfigurationList = 3DA1ADAA2D125064000EF779 /* Build configuration list for PBXProject "NJoyRadio" */;
			developmentRegion = en;
			hasScannedForEncodings = 0;
			knownRegions = (
				en,
				Base,
			);
			mainGroup = 3DA1ADA62D125064000EF779;
			minimizedProjectReferenceProxies = 1;
			preferredProjectObjectVersion = 77;
			productRefGroup = 3DA1ADB02D125064000EF779 /* Products */;
			projectDirPath = "";
			projectRoot = "";
			targets = (
				3DA1ADAE2D125064000EF779 /* NJoyRadio */,
				3DA1ADBE2D125065000EF779 /* NJoyRadioTests */,
				3DA1ADC82D125065000EF779 /* NJoyRadioUITests */,
			);
		};
/* End PBXProject section */

/* Begin PBXResourcesBuildPhase section */
		3DA1ADAD2D125064000EF779 /* Resources */ = {
			isa = PBXResourcesBuildPhase;
			buildActionMask = 2147483647;
			files = (
			);
			runOnlyForDeploymentPostprocessing = 0;
		};
		3DA1ADBD2D125065000EF779 /* Resources */ = {
			isa = PBXResourcesBuildPhase;
			buildActionMask = 2147483647;
			files = (
			);
			runOnlyForDeploymentPostprocessing = 0;
		};
		3DA1ADC72D125065000EF779 /* Resources */ = {
			isa = PBXResourcesBuildPhase;
			buildActionMask = 2147483647;
			files = (
			);
			runOnlyForDeploymentPostprocessing = 0;
		};
/* End PBXResourcesBuildPhase section */

/* Begin PBXSourcesBuildPhase section */
		3DA1ADAB2D125064000EF779 /* Sources */ = {
			isa = PBXSourcesBuildPhase;
			buildActionMask = 2147483647;
			files = (
			);
			runOnlyForDeploymentPostprocessing = 0;
		};
		3DA1ADBB2D125065000EF779 /* Sources */ = {
			isa = PBXSourcesBuildPhase;
			buildActionMask = 2147483647;
			files = (
			);
			runOnlyForDeploymentPostprocessing = 0;
		};
		3DA1ADC52D125065000EF779 /* Sources */ = {
			isa = PBXSourcesBuildPhase;
			buildActionMask = 2147483647;
			files = (
			);
			runOnlyForDeploymentPostprocessing = 0;
		};
/* End PBXSourcesBuildPhase section */

/* Begin PBXTargetDependency section */
		3DA1ADC12D125065000EF779 /* PBXTargetDependency */ = {
			isa = PBXTargetDependency;
			target = 3DA1ADAE2D125064000EF779 /* NJoyRadio */;
			targetProxy = 3DA1ADC02D125065000EF779 /* PBXContainerItemProxy */;
		};
		3DA1ADCB2D125065000EF779 /* PBXTargetDependency */ = {
			isa = PBXTargetDependency;
			target = 3DA1ADAE2D125064000EF779 /* NJoyRadio */;
			targetProxy = 3DA1ADCA2D125065000EF779 /* PBXContainerItemProxy */;
		};
/* End PBXTargetDependency section */

/* Begin XCBuildConfiguration section */
		3DA1ADD12D125065000EF779 /* Debug */ = {
			isa = XCBuildConfiguration;
			buildSettings = {
				ALWAYS_SEARCH_USER_PATHS = NO;
				ASSETCATALOG_COMPILER_GENERATE_SWIFT_ASSET_SYMBOL_EXTENSIONS = YES;
				CLANG_ANALYZER_NONNULL = YES;
				CLANG_ANALYZER_NUMBER_OBJECT_CONVERSION = YES_AGGRESSIVE;
				CLANG_CXX_LANGUAGE_STANDARD = "gnu++20";
				CLANG_ENABLE_MODULES = YES;
				CLANG_ENABLE_OBJC_ARC = YES;
				CLANG_ENABLE_OBJC_WEAK = YES;
				CLANG_WARN_BLOCK_CAPTURE_AUTORELEASING = YES;
				CLANG_WARN_BOOL_CONVERSION = YES;
				CLANG_WARN_COMMA = YES;
				CLANG_WARN_CONSTANT_CONVERSION = YES;
				CLANG_WARN_DEPRECATED_OBJC_IMPLEMENTATIONS = YES;
				CLANG_WARN_DIRECT_OBJC_ISA_USAGE = YES_ERROR;
				CLANG_WARN_DOCUMENTATION_COMMENTS = YES;
				CLANG_WARN_EMPTY_BODY = YES;
				CLANG_WARN_ENUM_CONVERSION = YES;
				CLANG_WARN_INFINITE_RECURSION = YES;
				CLANG_WARN_INT_CONVERSION = YES;
				CLANG_WARN_NON_LITERAL_NULL_CONVERSION = YES;
				CLANG_WARN_OBJC_IMPLICIT_RETAIN_SELF = YES;
				CLANG_WARN_OBJC_LITERAL_CONVERSION = YES;
				CLANG_WARN_OBJC_ROOT_CLASS = YES_ERROR;
				CLANG_WARN_QUOTED_INCLUDE_IN_FRAMEWORK_HEADER = YES;
				CLANG_WARN_RANGE_LOOP_ANALYSIS = YES;
				CLANG_WARN_STRICT_PROTOTYPES = YES;
				CLANG_WARN_SUSPICIOUS_MOVE = YES;
				CLANG_WARN_UNGUARDED_AVAILABILITY = YES_AGGRESSIVE;
				CLANG_WARN_UNREACHABLE_CODE = YES;
				CLANG_WARN__DUPLICATE_METHOD_MATCH = YES;
				COPY_PHASE_STRIP = NO;
				DEBUG_INFORMATION_FORMAT = dwarf;
				ENABLE_STRICT_OBJC_MSGSEND = YES;
				ENABLE_TESTABILITY = YES;
				ENABLE_USER_SCRIPT_SANDBOXING = YES;
				GCC_C_LANGUAGE_STANDARD = gnu17;
				GCC_DYNAMIC_NO_PIC = NO;
				GCC_NO_COMMON_BLOCKS = YES;
				GCC_OPTIMIZATION_LEVEL = 0;
				GCC_PREPROCESSOR_DEFINITIONS = (
					"DEBUG=1",
					"$(inherited)",
				);
				GCC_WARN_64_TO_32_BIT_CONVERSION = YES;
				GCC_WARN_ABOUT_RETURN_TYPE = YES_ERROR;
				GCC_WARN_UNDECLARED_SELECTOR = YES;
				GCC_WARN_UNINITIALIZED_AUTOS = YES_AGGRESSIVE;
				GCC_WARN_UNUSED_FUNCTION = YES;
				GCC_WARN_UNUSED_VARIABLE = YES;
				IPHONEOS_DEPLOYMENT_TARGET = 18.2;
				LOCALIZATION_PREFERS_STRING_CATALOGS = YES;
				MTL_ENABLE_DEBUG_INFO = INCLUDE_SOURCE;
				MTL_FAST_MATH = YES;
				ONLY_ACTIVE_ARCH = YES;
				SDKROOT = iphoneos;
				SWIFT_ACTIVE_COMPILATION_CONDITIONS = "DEBUG $(inherited)";
				SWIFT_OPTIMIZATION_LEVEL = "-Onone";
			};
			name = Debug;
		};
		3DA1ADD22D125065000EF779 /* Release */ = {
			isa = XCBuildConfiguration;
			buildSettings = {
				ALWAYS_SEARCH_USER_PATHS = NO;
				ASSETCATALOG_COMPILER_GENERATE_SWIFT_ASSET_SYMBOL_EXTENSIONS = YES;
				CLANG_ANALYZER_NONNULL = YES;
				CLANG_ANALYZER_NUMBER_OBJECT_CONVERSION = YES_AGGRESSIVE;
				CLANG_CXX_LANGUAGE_STANDARD = "gnu++20";
				CLANG_ENABLE_MODULES = YES;
				CLANG_ENABLE_OBJC_ARC = YES;
				CLANG_ENABLE_OBJC_WEAK = YES;
				CLANG_WARN_BLOCK_CAPTURE_AUTORELEASING = YES;
				CLANG_WARN_BOOL_CONVERSION = YES;
				CLANG_WARN_COMMA = YES;
				CLANG_WARN_CONSTANT_CONVERSION = YES;
				CLANG_WARN_DEPRECATED_OBJC_IMPLEMENTATIONS = YES;
				CLANG_WARN_DIRECT_OBJC_ISA_USAGE = YES_ERROR;
				CLANG_WARN_DOCUMENTATION_COMMENTS = YES;
				CLANG_WARN_EMPTY_BODY = YES;
				CLANG_WARN_ENUM_CONVERSION = YES;
				CLANG_WARN_INFINITE_RECURSION = YES;
				CLANG_WARN_INT_CONVERSION = YES;
				CLANG_WARN_NON_LITERAL_NULL_CONVERSION = YES;
				CLANG_WARN_OBJC_IMPLICIT_RETAIN_SELF = YES;
				CLANG_WARN_OBJC_LITERAL_CONVERSION = YES;
				CLANG_WARN_OBJC_ROOT_CLASS = YES_ERROR;
				CLANG_WARN_QUOTED_INCLUDE_IN_FRAMEWORK_HEADER = YES;
				CLANG_WARN_RANGE_LOOP_ANALYSIS = YES;
				CLANG_WARN_STRICT_PROTOTYPES = YES;
				CLANG_WARN_SUSPICIOUS_MOVE = YES;
				CLANG_WARN_UNGUARDED_AVAILABILITY = YES_AGGRESSIVE;
				CLANG_WARN_UNREACHABLE_CODE = YES;
				CLANG_WARN__DUPLICATE_METHOD_MATCH = YES;
				COPY_PHASE_STRIP = NO;
				DEBUG_INFORMATION_FORMAT = "dwarf-with-dsym";
				ENABLE_NS_ASSERTIONS = NO;
				ENABLE_STRICT_OBJC_MSGSEND = YES;
				ENABLE_USER_SCRIPT_SANDBOXING = YES;
				GCC_C_LANGUAGE_STANDARD = gnu17;
				GCC_NO_COMMON_BLOCKS = YES;
				GCC_WARN_64_TO_32_BIT_CONVERSION = YES;
				GCC_WARN_ABOUT_RETURN_TYPE = YES_ERROR;
				GCC_WARN_UNDECLARED_SELECTOR = YES;
				GCC_WARN_UNINITIALIZED_AUTOS = YES_AGGRESSIVE;
				GCC_WARN_UNUSED_FUNCTION = YES;
				GCC_WARN_UNUSED_VARIABLE = YES;
				IPHONEOS_DEPLOYMENT_TARGET = 18.2;
				LOCALIZATION_PREFERS_STRING_CATALOGS = YES;
				MTL_ENABLE_DEBUG_INFO = NO;
				MTL_FAST_MATH = YES;
				SDKROOT = iphoneos;
				SWIFT_COMPILATION_MODE = wholemodule;
				VALIDATE_PRODUCT = YES;
			};
			name = Release;
		};
		3DA1ADD42D125065000EF779 /* Debug */ = {
			isa = XCBuildConfiguration;
			buildSettings = {
				ASSETCATALOG_COMPILER_APPICON_NAME = AppIcon;
				ASSETCATALOG_COMPILER_GLOBAL_ACCENT_COLOR_NAME = AccentColor;
				CODE_SIGN_STYLE = Automatic;
				CURRENT_PROJECT_VERSION = 1;
				DEVELOPMENT_ASSET_PATHS = "\"NJoyRadio/Preview Content\"";
				DEVELOPMENT_TEAM = Z9NJ7K89CZ;
				ENABLE_PREVIEWS = YES;
				GENERATE_INFOPLIST_FILE = YES;
				INFOPLIST_KEY_UIApplicationSceneManifest_Generation = YES;
				INFOPLIST_KEY_UIApplicationSupportsIndirectInputEvents = YES;
				INFOPLIST_KEY_UILaunchScreen_Generation = YES;
				INFOPLIST_KEY_UISupportedInterfaceOrientations_iPad = "UIInterfaceOrientationPortrait UIInterfaceOrientationPortraitUpsideDown UIInterfaceOrientationLandscapeLeft UIInterfaceOrientationLandscapeRight";
				INFOPLIST_KEY_UISupportedInterfaceOrientations_iPhone = "UIInterfaceOrientationPortrait UIInterfaceOrientationLandscapeLeft UIInterfaceOrientationLandscapeRight";
				LD_RUNPATH_SEARCH_PATHS = (
					"$(inherited)",
					"@executable_path/Frameworks",
				);
				MARKETING_VERSION = 1.0;
				PRODUCT_BUNDLE_IDENTIFIER = com.janrehse.NJoyRadio;
				PRODUCT_NAME = "$(TARGET_NAME)";
				SWIFT_EMIT_LOC_STRINGS = YES;
				SWIFT_VERSION = 5.0;
				TARGETED_DEVICE_FAMILY = "1,2";
			};
			name = Debug;
		};
		3DA1ADD52D125065000EF779 /* Release */ = {
			isa = XCBuildConfiguration;
			buildSettings = {
				ASSETCATALOG_COMPILER_APPICON_NAME = AppIcon;
				ASSETCATALOG_COMPILER_GLOBAL_ACCENT_COLOR_NAME = AccentColor;
				CODE_SIGN_STYLE = Automatic;
				CURRENT_PROJECT_VERSION = 1;
				DEVELOPMENT_ASSET_PATHS = "\"NJoyRadio/Preview Content\"";
				DEVELOPMENT_TEAM = Z9NJ7K89CZ;
				ENABLE_PREVIEWS = YES;
				GENERATE_INFOPLIST_FILE = YES;
				INFOPLIST_KEY_UIApplicationSceneManifest_Generation = YES;
				INFOPLIST_KEY_UIApplicationSupportsIndirectInputEvents = YES;
				INFOPLIST_KEY_UILaunchScreen_Generation = YES;
				INFOPLIST_KEY_UISupportedInterfaceOrientations_iPad = "UIInterfaceOrientationPortrait UIInterfaceOrientationPortraitUpsideDown UIInterfaceOrientationLandscapeLeft UIInterfaceOrientationLandscapeRight";
				INFOPLIST_KEY_UISupportedInterfaceOrientations_iPhone = "UIInterfaceOrientationPortrait UIInterfaceOrientationLandscapeLeft UIInterfaceOrientationLandscapeRight";
				LD_RUNPATH_SEARCH_PATHS = (
					"$(inherited)",
					"@executable_path/Frameworks",
				);
				MARKETING_VERSION = 1.0;
				PRODUCT_BUNDLE_IDENTIFIER = com.janrehse.NJoyRadio;
				PRODUCT_NAME = "$(TARGET_NAME)";
				SWIFT_EMIT_LOC_STRINGS = YES;
				SWIFT_VERSION = 5.0;
				TARGETED_DEVICE_FAMILY = "1,2";
			};
			name = Release;
		};
		3DA1ADD72D125065000EF779 /* Debug */ = {
			isa = XCBuildConfiguration;
			buildSettings = {
				BUNDLE_LOADER = "$(TEST_HOST)";
				CODE_SIGN_STYLE = Automatic;
				CURRENT_PROJECT_VERSION = 1;
				DEVELOPMENT_TEAM = Z9NJ7K89CZ;
				GENERATE_INFOPLIST_FILE = YES;
				IPHONEOS_DEPLOYMENT_TARGET = 18.2;
				MARKETING_VERSION = 1.0;
				PRODUCT_BUNDLE_IDENTIFIER = com.janrehse.NJoyRadioTests;
				PRODUCT_NAME = "$(TARGET_NAME)";
				SWIFT_EMIT_LOC_STRINGS = NO;
				SWIFT_VERSION = 5.0;
				TARGETED_DEVICE_FAMILY = "1,2";
				TEST_HOST = "$(BUILT_PRODUCTS_DIR)/NJoyRadio.app/$(BUNDLE_EXECUTABLE_FOLDER_PATH)/NJoyRadio";
			};
			name = Debug;
		};
		3DA1ADD82D125065000EF779 /* Release */ = {
			isa = XCBuildConfiguration;
			buildSettings = {
				BUNDLE_LOADER = "$(TEST_HOST)";
				CODE_SIGN_STYLE = Automatic;
				CURRENT_PROJECT_VERSION = 1;
				DEVELOPMENT_TEAM = Z9NJ7K89CZ;
				GENERATE_INFOPLIST_FILE = YES;
				IPHONEOS_DEPLOYMENT_TARGET = 18.2;
				MARKETING_VERSION = 1.0;
				PRODUCT_BUNDLE_IDENTIFIER = com.janrehse.NJoyRadioTests;
				PRODUCT_NAME = "$(TARGET_NAME)";
				SWIFT_EMIT_LOC_STRINGS = NO;
				SWIFT_VERSION = 5.0;
				TARGETED_DEVICE_FAMILY = "1,2";
				TEST_HOST = "$(BUILT_PRODUCTS_DIR)/NJoyRadio.app/$(BUNDLE_EXECUTABLE_FOLDER_PATH)/NJoyRadio";
			};
			name = Release;
		};
		3DA1ADDA2D125065000EF779 /* Debug */ = {
			isa = XCBuildConfiguration;
			buildSettings = {
				CODE_SIGN_STYLE = Automatic;
				CURRENT_PROJECT_VERSION = 1;
				DEVELOPMENT_TEAM = Z9NJ7K89CZ;
				GENERATE_INFOPLIST_FILE = YES;
				MARKETING_VERSION = 1.0;
				PRODUCT_BUNDLE_IDENTIFIER = com.janrehse.NJoyRadioUITests;
				PRODUCT_NAME = "$(TARGET_NAME)";
				SWIFT_EMIT_LOC_STRINGS = NO;
				SWIFT_VERSION = 5.0;
				TARGETED_DEVICE_FAMILY = "1,2";
				TEST_TARGET_NAME = NJoyRadio;
			};
			name = Debug;
		};
		3DA1ADDB2D125065000EF779 /* Release */ = {
			isa = XCBuildConfiguration;
			buildSettings = {
				CODE_SIGN_STYLE = Automatic;
				CURRENT_PROJECT_VERSION = 1;
				DEVELOPMENT_TEAM = Z9NJ7K89CZ;
				GENERATE_INFOPLIST_FILE = YES;
				MARKETING_VERSION = 1.0;
				PRODUCT_BUNDLE_IDENTIFIER = com.janrehse.NJoyRadioUITests;
				PRODUCT_NAME = "$(TARGET_NAME)";
				SWIFT_EMIT_LOC_STRINGS = NO;
				SWIFT_VERSION = 5.0;
				TARGETED_DEVICE_FAMILY = "1,2";
				TEST_TARGET_NAME = NJoyRadio;
			};
			name = Release;
		};
/* End XCBuildConfiguration section */

/* Begin XCConfigurationList section */
		3DA1ADAA2D125064000EF779 /* Build configuration list for PBXProject "NJoyRadio" */ = {
			isa = XCConfigurationList;
			buildConfigurations = (
				3DA1ADD12D125065000EF779 /* Debug */,
				3DA1ADD22D125065000EF779 /* Release */,
			);
			defaultConfigurationIsVisible = 0;
			defaultConfigurationName = Release;
		};
		3DA1ADD32D125065000EF779 /* Build configuration list for PBXNativeTarget "NJoyRadio" */ = {
			isa = XCConfigurationList;
			buildConfigurations = (
				3DA1ADD42D125065000EF779 /* Debug */,
				3DA1ADD52D125065000EF779 /* Release */,
			);
			defaultConfigurationIsVisible = 0;
			defaultConfigurationName = Release;
		};
		3DA1ADD62D125065000EF779 /* Build configuration list for PBXNativeTarget "NJoyRadioTests" */ = {
			isa = XCConfigurationList;
			buildConfigurations = (
				3DA1ADD72D125065000EF779 /* Debug */,
				3DA1ADD82D125065000EF779 /* Release */,
			);
			defaultConfigurationIsVisible = 0;
			defaultConfigurationName = Release;
		};
		3DA1ADD92D125065000EF779 /* Build configuration list for PBXNativeTarget "NJoyRadioUITests" */ = {
			isa = XCConfigurationList;
			buildConfigurations = (
				3DA1ADDA2D125065000EF779 /* Debug */,
				3DA1ADDB2D125065000EF779 /* Release */,
			);
			defaultConfigurationIsVisible = 0;
			defaultConfigurationName = Release;
		};
/* End XCConfigurationList section */
	};
	rootObject = 3DA1ADA72D125064000EF779 /* Project object */;
}
